// !$*UTF8*$!
{
	archiveVersion = 1;
	classes = {
	};
	objectVersion = 46;
	objects = {

/* Begin PBXBuildFile section */
		E68EA09F1D8BC54D009E5BFB /* main.m in Sources */ = {isa = PBXBuildFile; fileRef = E68EA09E1D8BC54D009E5BFB /* main.m */; };
		E68EA0A21D8BC54D009E5BFB /* AppDelegate.m in Sources */ = {isa = PBXBuildFile; fileRef = E68EA0A11D8BC54D009E5BFB /* AppDelegate.m */; };
		E68EA0AA1D8BC54D009E5BFB /* Assets.xcassets in Resources */ = {isa = PBXBuildFile; fileRef = E68EA0A91D8BC54D009E5BFB /* Assets.xcassets */; };
		E68EA0B61D8BC983009E5BFB /* RAC主要类结构图.png in Resources */ = {isa = PBXBuildFile; fileRef = E68EA0B51D8BC983009E5BFB /* RAC主要类结构图.png */; };
		E68EA0B81D8BC99B009E5BFB /* RAC作用图.png in Resources */ = {isa = PBXBuildFile; fileRef = E68EA0B71D8BC99B009E5BFB /* RAC作用图.png */; };
		E68EA0C01D8BCD65009E5BFB /* MainTabbar.m in Sources */ = {isa = PBXBuildFile; fileRef = E68EA0BB1D8BCD65009E5BFB /* MainTabbar.m */; };
		E68EA0C11D8BCD65009E5BFB /* Nav_Base_VC.m in Sources */ = {isa = PBXBuildFile; fileRef = E68EA0BD1D8BCD65009E5BFB /* Nav_Base_VC.m */; };
		E68EA0C21D8BCD65009E5BFB /* Parent_Class_VC.m in Sources */ = {isa = PBXBuildFile; fileRef = E68EA0BF1D8BCD65009E5BFB /* Parent_Class_VC.m */; };
		E68EA0C71D8BCF1B009E5BFB /* RACClass_VC.m in Sources */ = {isa = PBXBuildFile; fileRef = E68EA0C61D8BCF1B009E5BFB /* RACClass_VC.m */; };
		E68EA0CD1D8BCF58009E5BFB /* RACUI_VC.m in Sources */ = {isa = PBXBuildFile; fileRef = E68EA0CC1D8BCF58009E5BFB /* RACUI_VC.m */; };
		E68EA0D01D8BCFAD009E5BFB /* RACCommonFunction_VC.m in Sources */ = {isa = PBXBuildFile; fileRef = E68EA0CF1D8BCFAD009E5BFB /* RACCommonFunction_VC.m */; };
		E68EA0D31D8BCFD0009E5BFB /* RACCustomSignal_VC.m in Sources */ = {isa = PBXBuildFile; fileRef = E68EA0D21D8BCFD0009E5BFB /* RACCustomSignal_VC.m */; };
		E68EA0D61D8BD2DE009E5BFB /* UIKit.framework in Frameworks */ = {isa = PBXBuildFile; fileRef = E68EA0D51D8BD2DE009E5BFB /* UIKit.framework */; };
		E6A2AB1D1D8D156700CEA4B7 /* RAC_VC.m in Sources */ = {isa = PBXBuildFile; fileRef = E6A2AAE71D8D156700CEA4B7 /* RAC_VC.m */; };
		E6A2AB1E1D8D156700CEA4B7 /* RACTestView.m in Sources */ = {isa = PBXBuildFile; fileRef = E6A2AAEB1D8D156700CEA4B7 /* RACTestView.m */; };
		E6A2AB1F1D8D156700CEA4B7 /* Combine_Functions_VC.m in Sources */ = {isa = PBXBuildFile; fileRef = E6A2AAEE1D8D156700CEA4B7 /* Combine_Functions_VC.m */; };
		E6A2AB201D8D156700CEA4B7 /* Concat_Functions_VC.m in Sources */ = {isa = PBXBuildFile; fileRef = E6A2AAF01D8D156700CEA4B7 /* Concat_Functions_VC.m */; };
		E6A2AB211D8D156700CEA4B7 /* Filter_Functions_VC.m in Sources */ = {isa = PBXBuildFile; fileRef = E6A2AAF21D8D156700CEA4B7 /* Filter_Functions_VC.m */; };
		E6A2AB221D8D156700CEA4B7 /* Map_Functions_VC.m in Sources */ = {isa = PBXBuildFile; fileRef = E6A2AAF41D8D156700CEA4B7 /* Map_Functions_VC.m */; };
		E6A2AB231D8D156700CEA4B7 /* Merge_Functions_VC.m in Sources */ = {isa = PBXBuildFile; fileRef = E6A2AAF61D8D156700CEA4B7 /* Merge_Functions_VC.m */; };
		E6A2AB241D8D156700CEA4B7 /* Replay_Functions_VC.m in Sources */ = {isa = PBXBuildFile; fileRef = E6A2AAF81D8D156700CEA4B7 /* Replay_Functions_VC.m */; };
		E6A2AB251D8D156700CEA4B7 /* Retry_Functions_VC.m in Sources */ = {isa = PBXBuildFile; fileRef = E6A2AAFA1D8D156700CEA4B7 /* Retry_Functions_VC.m */; };
		E6A2AB261D8D156700CEA4B7 /* Start_Functions_VC.m in Sources */ = {isa = PBXBuildFile; fileRef = E6A2AAFC1D8D156700CEA4B7 /* Start_Functions_VC.m */; };
		E6A2AB271D8D156700CEA4B7 /* Take_Functions_VC.m in Sources */ = {isa = PBXBuildFile; fileRef = E6A2AAFE1D8D156700CEA4B7 /* Take_Functions_VC.m */; };
		E6A2AB281D8D156700CEA4B7 /* Then_Functions_VC.m in Sources */ = {isa = PBXBuildFile; fileRef = E6A2AB001D8D156700CEA4B7 /* Then_Functions_VC.m */; };
		E6A2AB291D8D156700CEA4B7 /* Throttle_Functions_VC.m in Sources */ = {isa = PBXBuildFile; fileRef = E6A2AB021D8D156700CEA4B7 /* Throttle_Functions_VC.m */; };
		E6A2AB2A1D8D156700CEA4B7 /* Time_Functions_VC.m in Sources */ = {isa = PBXBuildFile; fileRef = E6A2AB041D8D156700CEA4B7 /* Time_Functions_VC.m */; };
		E6A2AB2B1D8D156700CEA4B7 /* Try_Functions_VC.m in Sources */ = {isa = PBXBuildFile; fileRef = E6A2AB061D8D156700CEA4B7 /* Try_Functions_VC.m */; };
		E6A2AB2C1D8D156700CEA4B7 /* ZIP_Functions_VC.m in Sources */ = {isa = PBXBuildFile; fileRef = E6A2AB081D8D156700CEA4B7 /* ZIP_Functions_VC.m */; };
		E6A2AB2D1D8D156700CEA4B7 /* Macros_VC.m in Sources */ = {isa = PBXBuildFile; fileRef = E6A2AB0B1D8D156700CEA4B7 /* Macros_VC.m */; };
		E6A2AB2E1D8D156700CEA4B7 /* TestUIRAC_VC.m in Sources */ = {isa = PBXBuildFile; fileRef = E6A2AB0E1D8D156700CEA4B7 /* TestUIRAC_VC.m */; };
		E6A2AB2F1D8D156700CEA4B7 /* CustomRAC_VC.m in Sources */ = {isa = PBXBuildFile; fileRef = E6A2AB111D8D156700CEA4B7 /* CustomRAC_VC.m */; };
		E6A2AB301D8D156700CEA4B7 /* ChannelTerminal_VC.m in Sources */ = {isa = PBXBuildFile; fileRef = E6A2AB141D8D156700CEA4B7 /* ChannelTerminal_VC.m */; };
		E6A2AB311D8D156700CEA4B7 /* Command_VC.m in Sources */ = {isa = PBXBuildFile; fileRef = E6A2AB161D8D156700CEA4B7 /* Command_VC.m */; };
		E6A2AB321D8D156700CEA4B7 /* Multicast_Class_VC.m in Sources */ = {isa = PBXBuildFile; fileRef = E6A2AB181D8D156700CEA4B7 /* Multicast_Class_VC.m */; };
		E6A2AB331D8D156700CEA4B7 /* Sequence_Class_VC.m in Sources */ = {isa = PBXBuildFile; fileRef = E6A2AB1A1D8D156700CEA4B7 /* Sequence_Class_VC.m */; };
		E6A2AB341D8D156700CEA4B7 /* Signal_Class_VC.m in Sources */ = {isa = PBXBuildFile; fileRef = E6A2AB1C1D8D156700CEA4B7 /* Signal_Class_VC.m */; };
		E6A2AB3A1D8D157300CEA4B7 /* ColdHotSignal.png in Resources */ = {isa = PBXBuildFile; fileRef = E6A2AB351D8D157300CEA4B7 /* ColdHotSignal.png */; };
		E6A2AB3B1D8D157300CEA4B7 /* ReactiveCocoa-Objective-C.png in Resources */ = {isa = PBXBuildFile; fileRef = E6A2AB361D8D157300CEA4B7 /* ReactiveCocoa-Objective-C.png */; };
		E6A2AB3C1D8D157300CEA4B7 /* ReactiveCocoa1.png in Resources */ = {isa = PBXBuildFile; fileRef = E6A2AB371D8D157300CEA4B7 /* ReactiveCocoa1.png */; };
		E6A2AB3D1D8D157300CEA4B7 /* ReactiveCocoaV4.x-Swift.png in Resources */ = {isa = PBXBuildFile; fileRef = E6A2AB381D8D157300CEA4B7 /* ReactiveCocoaV4.x-Swift.png */; };
		E6A2AB3E1D8D157300CEA4B7 /* RXSwift.png in Resources */ = {isa = PBXBuildFile; fileRef = E6A2AB391D8D157300CEA4B7 /* RXSwift.png */; };
		E6F459311DA3DD4F004B932D /* RACSignal_VC.m in Sources */ = {isa = PBXBuildFile; fileRef = E6F459301DA3DD4F004B932D /* RACSignal_VC.m */; };
		F02EB0F671B7D774AD997032 /* Pods_RACTools.framework in Frameworks */ = {isa = PBXBuildFile; fileRef = 8F61D06002D5EFC76C113F44 /* Pods_RACTools.framework */; };
/* End PBXBuildFile section */

/* Begin PBXFileReference section */
		22A5C90C0B8D7C3731D67FAC /* Pods-RACTools.debug.xcconfig */ = {isa = PBXFileReference; includeInIndex = 1; lastKnownFileType = text.xcconfig; name = "Pods-RACTools.debug.xcconfig"; path = "Pods/Target Support Files/Pods-RACTools/Pods-RACTools.debug.xcconfig"; sourceTree = "<group>"; };
		8F61D06002D5EFC76C113F44 /* Pods_RACTools.framework */ = {isa = PBXFileReference; explicitFileType = wrapper.framework; includeInIndex = 0; path = Pods_RACTools.framework; sourceTree = BUILT_PRODUCTS_DIR; };
		9261D63F28F7E72F251B2953 /* Pods-RACTools.release.xcconfig */ = {isa = PBXFileReference; includeInIndex = 1; lastKnownFileType = text.xcconfig; name = "Pods-RACTools.release.xcconfig"; path = "Pods/Target Support Files/Pods-RACTools/Pods-RACTools.release.xcconfig"; sourceTree = "<group>"; };
		E68EA09A1D8BC54D009E5BFB /* RACTools.app */ = {isa = PBXFileReference; explicitFileType = wrapper.application; includeInIndex = 0; path = RACTools.app; sourceTree = BUILT_PRODUCTS_DIR; };
		E68EA09E1D8BC54D009E5BFB /* main.m */ = {isa = PBXFileReference; lastKnownFileType = sourcecode.c.objc; path = main.m; sourceTree = "<group>"; };
		E68EA0A01D8BC54D009E5BFB /* AppDelegate.h */ = {isa = PBXFileReference; lastKnownFileType = sourcecode.c.h; path = AppDelegate.h; sourceTree = "<group>"; };
		E68EA0A11D8BC54D009E5BFB /* AppDelegate.m */ = {isa = PBXFileReference; lastKnownFileType = sourcecode.c.objc; path = AppDelegate.m; sourceTree = "<group>"; };
		E68EA0A91D8BC54D009E5BFB /* Assets.xcassets */ = {isa = PBXFileReference; lastKnownFileType = folder.assetcatalog; path = Assets.xcassets; sourceTree = "<group>"; };
		E68EA0AE1D8BC54D009E5BFB /* Info.plist */ = {isa = PBXFileReference; lastKnownFileType = text.plist.xml; path = Info.plist; sourceTree = "<group>"; };
		E68EA0B51D8BC983009E5BFB /* RAC主要类结构图.png */ = {isa = PBXFileReference; lastKnownFileType = image.png; path = "RAC主要类结构图.png"; sourceTree = "<group>"; };
		E68EA0B71D8BC99B009E5BFB /* RAC作用图.png */ = {isa = PBXFileReference; lastKnownFileType = image.png; path = "RAC作用图.png"; sourceTree = "<group>"; };
		E68EA0BA1D8BCD65009E5BFB /* MainTabbar.h */ = {isa = PBXFileReference; fileEncoding = 4; lastKnownFileType = sourcecode.c.h; path = MainTabbar.h; sourceTree = "<group>"; };
		E68EA0BB1D8BCD65009E5BFB /* MainTabbar.m */ = {isa = PBXFileReference; fileEncoding = 4; lastKnownFileType = sourcecode.c.objc; path = MainTabbar.m; sourceTree = "<group>"; };
		E68EA0BC1D8BCD65009E5BFB /* Nav_Base_VC.h */ = {isa = PBXFileReference; fileEncoding = 4; lastKnownFileType = sourcecode.c.h; path = Nav_Base_VC.h; sourceTree = "<group>"; };
		E68EA0BD1D8BCD65009E5BFB /* Nav_Base_VC.m */ = {isa = PBXFileReference; fileEncoding = 4; lastKnownFileType = sourcecode.c.objc; path = Nav_Base_VC.m; sourceTree = "<group>"; };
		E68EA0BE1D8BCD65009E5BFB /* Parent_Class_VC.h */ = {isa = PBXFileReference; fileEncoding = 4; lastKnownFileType = sourcecode.c.h; path = Parent_Class_VC.h; sourceTree = "<group>"; };
		E68EA0BF1D8BCD65009E5BFB /* Parent_Class_VC.m */ = {isa = PBXFileReference; fileEncoding = 4; lastKnownFileType = sourcecode.c.objc; path = Parent_Class_VC.m; sourceTree = "<group>"; };
		E68EA0C31D8BCDA6009E5BFB /* RACToolsHeader.h */ = {isa = PBXFileReference; fileEncoding = 4; lastKnownFileType = sourcecode.c.h; path = RACToolsHeader.h; sourceTree = "<group>"; };
		E68EA0C51D8BCF1B009E5BFB /* RACClass_VC.h */ = {isa = PBXFileReference; fileEncoding = 4; lastKnownFileType = sourcecode.c.h; path = RACClass_VC.h; sourceTree = "<group>"; };
		E68EA0C61D8BCF1B009E5BFB /* RACClass_VC.m */ = {isa = PBXFileReference; fileEncoding = 4; lastKnownFileType = sourcecode.c.objc; path = RACClass_VC.m; sourceTree = "<group>"; };
		E68EA0CB1D8BCF58009E5BFB /* RACUI_VC.h */ = {isa = PBXFileReference; fileEncoding = 4; lastKnownFileType = sourcecode.c.h; path = RACUI_VC.h; sourceTree = "<group>"; };
		E68EA0CC1D8BCF58009E5BFB /* RACUI_VC.m */ = {isa = PBXFileReference; fileEncoding = 4; lastKnownFileType = sourcecode.c.objc; path = RACUI_VC.m; sourceTree = "<group>"; };
		E68EA0CE1D8BCFAD009E5BFB /* RACCommonFunction_VC.h */ = {isa = PBXFileReference; fileEncoding = 4; lastKnownFileType = sourcecode.c.h; path = RACCommonFunction_VC.h; sourceTree = "<group>"; };
		E68EA0CF1D8BCFAD009E5BFB /* RACCommonFunction_VC.m */ = {isa = PBXFileReference; fileEncoding = 4; lastKnownFileType = sourcecode.c.objc; path = RACCommonFunction_VC.m; sourceTree = "<group>"; };
		E68EA0D11D8BCFD0009E5BFB /* RACCustomSignal_VC.h */ = {isa = PBXFileReference; fileEncoding = 4; lastKnownFileType = sourcecode.c.h; path = RACCustomSignal_VC.h; sourceTree = "<group>"; };
		E68EA0D21D8BCFD0009E5BFB /* RACCustomSignal_VC.m */ = {isa = PBXFileReference; fileEncoding = 4; lastKnownFileType = sourcecode.c.objc; path = RACCustomSignal_VC.m; sourceTree = "<group>"; };
		E68EA0D51D8BD2DE009E5BFB /* UIKit.framework */ = {isa = PBXFileReference; lastKnownFileType = wrapper.framework; name = UIKit.framework; path = System/Library/Frameworks/UIKit.framework; sourceTree = SDKROOT; };
		E6A2AAE61D8D156700CEA4B7 /* RAC_VC.h */ = {isa = PBXFileReference; fileEncoding = 4; lastKnownFileType = sourcecode.c.h; path = RAC_VC.h; sourceTree = "<group>"; };
		E6A2AAE71D8D156700CEA4B7 /* RAC_VC.m */ = {isa = PBXFileReference; fileEncoding = 4; lastKnownFileType = sourcecode.c.objc; path = RAC_VC.m; sourceTree = "<group>"; };
		E6A2AAEA1D8D156700CEA4B7 /* RACTestView.h */ = {isa = PBXFileReference; fileEncoding = 4; lastKnownFileType = sourcecode.c.h; path = RACTestView.h; sourceTree = "<group>"; };
		E6A2AAEB1D8D156700CEA4B7 /* RACTestView.m */ = {isa = PBXFileReference; fileEncoding = 4; lastKnownFileType = sourcecode.c.objc; path = RACTestView.m; sourceTree = "<group>"; };
		E6A2AAED1D8D156700CEA4B7 /* Combine_Functions_VC.h */ = {isa = PBXFileReference; fileEncoding = 4; lastKnownFileType = sourcecode.c.h; path = Combine_Functions_VC.h; sourceTree = "<group>"; };
		E6A2AAEE1D8D156700CEA4B7 /* Combine_Functions_VC.m */ = {isa = PBXFileReference; fileEncoding = 4; lastKnownFileType = sourcecode.c.objc; path = Combine_Functions_VC.m; sourceTree = "<group>"; };
		E6A2AAEF1D8D156700CEA4B7 /* Concat_Functions_VC.h */ = {isa = PBXFileReference; fileEncoding = 4; lastKnownFileType = sourcecode.c.h; path = Concat_Functions_VC.h; sourceTree = "<group>"; };
		E6A2AAF01D8D156700CEA4B7 /* Concat_Functions_VC.m */ = {isa = PBXFileReference; fileEncoding = 4; lastKnownFileType = sourcecode.c.objc; path = Concat_Functions_VC.m; sourceTree = "<group>"; };
		E6A2AAF11D8D156700CEA4B7 /* Filter_Functions_VC.h */ = {isa = PBXFileReference; fileEncoding = 4; lastKnownFileType = sourcecode.c.h; path = Filter_Functions_VC.h; sourceTree = "<group>"; };
		E6A2AAF21D8D156700CEA4B7 /* Filter_Functions_VC.m */ = {isa = PBXFileReference; fileEncoding = 4; lastKnownFileType = sourcecode.c.objc; path = Filter_Functions_VC.m; sourceTree = "<group>"; };
		E6A2AAF31D8D156700CEA4B7 /* Map_Functions_VC.h */ = {isa = PBXFileReference; fileEncoding = 4; lastKnownFileType = sourcecode.c.h; path = Map_Functions_VC.h; sourceTree = "<group>"; };
		E6A2AAF41D8D156700CEA4B7 /* Map_Functions_VC.m */ = {isa = PBXFileReference; fileEncoding = 4; lastKnownFileType = sourcecode.c.objc; path = Map_Functions_VC.m; sourceTree = "<group>"; };
		E6A2AAF51D8D156700CEA4B7 /* Merge_Functions_VC.h */ = {isa = PBXFileReference; fileEncoding = 4; lastKnownFileType = sourcecode.c.h; path = Merge_Functions_VC.h; sourceTree = "<group>"; };
		E6A2AAF61D8D156700CEA4B7 /* Merge_Functions_VC.m */ = {isa = PBXFileReference; fileEncoding = 4; lastKnownFileType = sourcecode.c.objc; path = Merge_Functions_VC.m; sourceTree = "<group>"; };
		E6A2AAF71D8D156700CEA4B7 /* Replay_Functions_VC.h */ = {isa = PBXFileReference; fileEncoding = 4; lastKnownFileType = sourcecode.c.h; path = Replay_Functions_VC.h; sourceTree = "<group>"; };
		E6A2AAF81D8D156700CEA4B7 /* Replay_Functions_VC.m */ = {isa = PBXFileReference; fileEncoding = 4; lastKnownFileType = sourcecode.c.objc; path = Replay_Functions_VC.m; sourceTree = "<group>"; };
		E6A2AAF91D8D156700CEA4B7 /* Retry_Functions_VC.h */ = {isa = PBXFileReference; fileEncoding = 4; lastKnownFileType = sourcecode.c.h; path = Retry_Functions_VC.h; sourceTree = "<group>"; };
		E6A2AAFA1D8D156700CEA4B7 /* Retry_Functions_VC.m */ = {isa = PBXFileReference; fileEncoding = 4; lastKnownFileType = sourcecode.c.objc; path = Retry_Functions_VC.m; sourceTree = "<group>"; };
		E6A2AAFB1D8D156700CEA4B7 /* Start_Functions_VC.h */ = {isa = PBXFileReference; fileEncoding = 4; lastKnownFileType = sourcecode.c.h; path = Start_Functions_VC.h; sourceTree = "<group>"; };
		E6A2AAFC1D8D156700CEA4B7 /* Start_Functions_VC.m */ = {isa = PBXFileReference; fileEncoding = 4; lastKnownFileType = sourcecode.c.objc; path = Start_Functions_VC.m; sourceTree = "<group>"; };
		E6A2AAFD1D8D156700CEA4B7 /* Take_Functions_VC.h */ = {isa = PBXFileReference; fileEncoding = 4; lastKnownFileType = sourcecode.c.h; path = Take_Functions_VC.h; sourceTree = "<group>"; };
		E6A2AAFE1D8D156700CEA4B7 /* Take_Functions_VC.m */ = {isa = PBXFileReference; fileEncoding = 4; lastKnownFileType = sourcecode.c.objc; path = Take_Functions_VC.m; sourceTree = "<group>"; };
		E6A2AAFF1D8D156700CEA4B7 /* Then_Functions_VC.h */ = {isa = PBXFileReference; fileEncoding = 4; lastKnownFileType = sourcecode.c.h; path = Then_Functions_VC.h; sourceTree = "<group>"; };
		E6A2AB001D8D156700CEA4B7 /* Then_Functions_VC.m */ = {isa = PBXFileReference; fileEncoding = 4; lastKnownFileType = sourcecode.c.objc; path = Then_Functions_VC.m; sourceTree = "<group>"; };
		E6A2AB011D8D156700CEA4B7 /* Throttle_Functions_VC.h */ = {isa = PBXFileReference; fileEncoding = 4; lastKnownFileType = sourcecode.c.h; path = Throttle_Functions_VC.h; sourceTree = "<group>"; };
		E6A2AB021D8D156700CEA4B7 /* Throttle_Functions_VC.m */ = {isa = PBXFileReference; fileEncoding = 4; lastKnownFileType = sourcecode.c.objc; path = Throttle_Functions_VC.m; sourceTree = "<group>"; };
		E6A2AB031D8D156700CEA4B7 /* Time_Functions_VC.h */ = {isa = PBXFileReference; fileEncoding = 4; lastKnownFileType = sourcecode.c.h; path = Time_Functions_VC.h; sourceTree = "<group>"; };
		E6A2AB041D8D156700CEA4B7 /* Time_Functions_VC.m */ = {isa = PBXFileReference; fileEncoding = 4; lastKnownFileType = sourcecode.c.objc; path = Time_Functions_VC.m; sourceTree = "<group>"; };
		E6A2AB051D8D156700CEA4B7 /* Try_Functions_VC.h */ = {isa = PBXFileReference; fileEncoding = 4; lastKnownFileType = sourcecode.c.h; path = Try_Functions_VC.h; sourceTree = "<group>"; };
		E6A2AB061D8D156700CEA4B7 /* Try_Functions_VC.m */ = {isa = PBXFileReference; fileEncoding = 4; lastKnownFileType = sourcecode.c.objc; path = Try_Functions_VC.m; sourceTree = "<group>"; };
		E6A2AB071D8D156700CEA4B7 /* ZIP_Functions_VC.h */ = {isa = PBXFileReference; fileEncoding = 4; lastKnownFileType = sourcecode.c.h; path = ZIP_Functions_VC.h; sourceTree = "<group>"; };
		E6A2AB081D8D156700CEA4B7 /* ZIP_Functions_VC.m */ = {isa = PBXFileReference; fileEncoding = 4; lastKnownFileType = sourcecode.c.objc; path = ZIP_Functions_VC.m; sourceTree = "<group>"; };
		E6A2AB0A1D8D156700CEA4B7 /* Macros_VC.h */ = {isa = PBXFileReference; fileEncoding = 4; lastKnownFileType = sourcecode.c.h; path = Macros_VC.h; sourceTree = "<group>"; };
		E6A2AB0B1D8D156700CEA4B7 /* Macros_VC.m */ = {isa = PBXFileReference; fileEncoding = 4; lastKnownFileType = sourcecode.c.objc; path = Macros_VC.m; sourceTree = "<group>"; };
		E6A2AB0D1D8D156700CEA4B7 /* TestUIRAC_VC.h */ = {isa = PBXFileReference; fileEncoding = 4; lastKnownFileType = sourcecode.c.h; path = TestUIRAC_VC.h; sourceTree = "<group>"; };
		E6A2AB0E1D8D156700CEA4B7 /* TestUIRAC_VC.m */ = {isa = PBXFileReference; fileEncoding = 4; lastKnownFileType = sourcecode.c.objc; path = TestUIRAC_VC.m; sourceTree = "<group>"; };
		E6A2AB101D8D156700CEA4B7 /* CustomRAC_VC.h */ = {isa = PBXFileReference; fileEncoding = 4; lastKnownFileType = sourcecode.c.h; path = CustomRAC_VC.h; sourceTree = "<group>"; };
		E6A2AB111D8D156700CEA4B7 /* CustomRAC_VC.m */ = {isa = PBXFileReference; fileEncoding = 4; lastKnownFileType = sourcecode.c.objc; path = CustomRAC_VC.m; sourceTree = "<group>"; };
		E6A2AB131D8D156700CEA4B7 /* ChannelTerminal_VC.h */ = {isa = PBXFileReference; fileEncoding = 4; lastKnownFileType = sourcecode.c.h; path = ChannelTerminal_VC.h; sourceTree = "<group>"; };
		E6A2AB141D8D156700CEA4B7 /* ChannelTerminal_VC.m */ = {isa = PBXFileReference; fileEncoding = 4; lastKnownFileType = sourcecode.c.objc; path = ChannelTerminal_VC.m; sourceTree = "<group>"; };
		E6A2AB151D8D156700CEA4B7 /* Command_VC.h */ = {isa = PBXFileReference; fileEncoding = 4; lastKnownFileType = sourcecode.c.h; path = Command_VC.h; sourceTree = "<group>"; };
		E6A2AB161D8D156700CEA4B7 /* Command_VC.m */ = {isa = PBXFileReference; fileEncoding = 4; lastKnownFileType = sourcecode.c.objc; path = Command_VC.m; sourceTree = "<group>"; };
		E6A2AB171D8D156700CEA4B7 /* Multicast_Class_VC.h */ = {isa = PBXFileReference; fileEncoding = 4; lastKnownFileType = sourcecode.c.h; path = Multicast_Class_VC.h; sourceTree = "<group>"; };
		E6A2AB181D8D156700CEA4B7 /* Multicast_Class_VC.m */ = {isa = PBXFileReference; fileEncoding = 4; lastKnownFileType = sourcecode.c.objc; path = Multicast_Class_VC.m; sourceTree = "<group>"; };
		E6A2AB191D8D156700CEA4B7 /* Sequence_Class_VC.h */ = {isa = PBXFileReference; fileEncoding = 4; lastKnownFileType = sourcecode.c.h; path = Sequence_Class_VC.h; sourceTree = "<group>"; };
		E6A2AB1A1D8D156700CEA4B7 /* Sequence_Class_VC.m */ = {isa = PBXFileReference; fileEncoding = 4; lastKnownFileType = sourcecode.c.objc; path = Sequence_Class_VC.m; sourceTree = "<group>"; };
		E6A2AB1B1D8D156700CEA4B7 /* Signal_Class_VC.h */ = {isa = PBXFileReference; fileEncoding = 4; lastKnownFileType = sourcecode.c.h; path = Signal_Class_VC.h; sourceTree = "<group>"; };
		E6A2AB1C1D8D156700CEA4B7 /* Signal_Class_VC.m */ = {isa = PBXFileReference; fileEncoding = 4; lastKnownFileType = sourcecode.c.objc; path = Signal_Class_VC.m; sourceTree = "<group>"; };
		E6A2AB351D8D157300CEA4B7 /* ColdHotSignal.png */ = {isa = PBXFileReference; lastKnownFileType = image.png; path = ColdHotSignal.png; sourceTree = "<group>"; };
		E6A2AB361D8D157300CEA4B7 /* ReactiveCocoa-Objective-C.png */ = {isa = PBXFileReference; lastKnownFileType = image.png; path = "ReactiveCocoa-Objective-C.png"; sourceTree = "<group>"; };
		E6A2AB371D8D157300CEA4B7 /* ReactiveCocoa1.png */ = {isa = PBXFileReference; lastKnownFileType = image.png; path = ReactiveCocoa1.png; sourceTree = "<group>"; };
		E6A2AB381D8D157300CEA4B7 /* ReactiveCocoaV4.x-Swift.png */ = {isa = PBXFileReference; lastKnownFileType = image.png; path = "ReactiveCocoaV4.x-Swift.png"; sourceTree = "<group>"; };
		E6A2AB391D8D157300CEA4B7 /* RXSwift.png */ = {isa = PBXFileReference; lastKnownFileType = image.png; path = RXSwift.png; sourceTree = "<group>"; };
		E6F4592F1DA3DD4F004B932D /* RACSignal_VC.h */ = {isa = PBXFileReference; fileEncoding = 4; lastKnownFileType = sourcecode.c.h; path = RACSignal_VC.h; sourceTree = "<group>"; };
		E6F459301DA3DD4F004B932D /* RACSignal_VC.m */ = {isa = PBXFileReference; fileEncoding = 4; lastKnownFileType = sourcecode.c.objc; path = RACSignal_VC.m; sourceTree = "<group>"; };
/* End PBXFileReference section */

/* Begin PBXFrameworksBuildPhase section */
		E68EA0971D8BC54C009E5BFB /* Frameworks */ = {
			isa = PBXFrameworksBuildPhase;
			buildActionMask = 2147483647;
			files = (
				E68EA0D61D8BD2DE009E5BFB /* UIKit.framework in Frameworks */,
				F02EB0F671B7D774AD997032 /* Pods_RACTools.framework in Frameworks */,
			);
			runOnlyForDeploymentPostprocessing = 0;
		};
/* End PBXFrameworksBuildPhase section */

/* Begin PBXGroup section */
		52D9519B5FD70D8453960441 /* Pods */ = {
			isa = PBXGroup;
			children = (
				22A5C90C0B8D7C3731D67FAC /* Pods-RACTools.debug.xcconfig */,
				9261D63F28F7E72F251B2953 /* Pods-RACTools.release.xcconfig */,
			);
			name = Pods;
			sourceTree = "<group>";
		};
		E68EA0911D8BC54C009E5BFB = {
			isa = PBXGroup;
			children = (
				E68EA09C1D8BC54D009E5BFB /* RACTools */,
				E68EA09B1D8BC54D009E5BFB /* Products */,
				E68EA0D41D8BD2DE009E5BFB /* Frameworks */,
				52D9519B5FD70D8453960441 /* Pods */,
			);
			sourceTree = "<group>";
		};
		E68EA09B1D8BC54D009E5BFB /* Products */ = {
			isa = PBXGroup;
			children = (
				E68EA09A1D8BC54D009E5BFB /* RACTools.app */,
			);
			name = Products;
			sourceTree = "<group>";
		};
		E68EA09C1D8BC54D009E5BFB /* RACTools */ = {
			isa = PBXGroup;
			children = (
				E68EA0A01D8BC54D009E5BFB /* AppDelegate.h */,
				E68EA0A11D8BC54D009E5BFB /* AppDelegate.m */,
				E6F4592E1DA3DCB6004B932D /* 主要的类 */,
				E6A2AAE51D8D156700CEA4B7 /* RAC高聚合低耦合 */,
				E68EA0C41D8BCF09009E5BFB /* Functions_Four */,
				E68EA0B91D8BCD65009E5BFB /* MainBaseVC */,
				E68EA0B41D8BC966009E5BFB /* Resource */,
				E68EA09D1D8BC54D009E5BFB /* Supporting Files */,
			);
			path = RACTools;
			sourceTree = "<group>";
		};
		E68EA09D1D8BC54D009E5BFB /* Supporting Files */ = {
			isa = PBXGroup;
			children = (
				E68EA0A91D8BC54D009E5BFB /* Assets.xcassets */,
				E68EA0AE1D8BC54D009E5BFB /* Info.plist */,
				E68EA09E1D8BC54D009E5BFB /* main.m */,
				E68EA0C31D8BCDA6009E5BFB /* RACToolsHeader.h */,
			);
			name = "Supporting Files";
			sourceTree = "<group>";
		};
		E68EA0B41D8BC966009E5BFB /* Resource */ = {
			isa = PBXGroup;
			children = (
				E6A2AB351D8D157300CEA4B7 /* ColdHotSignal.png */,
				E6A2AB361D8D157300CEA4B7 /* ReactiveCocoa-Objective-C.png */,
				E6A2AB371D8D157300CEA4B7 /* ReactiveCocoa1.png */,
				E6A2AB381D8D157300CEA4B7 /* ReactiveCocoaV4.x-Swift.png */,
				E6A2AB391D8D157300CEA4B7 /* RXSwift.png */,
				E68EA0B51D8BC983009E5BFB /* RAC主要类结构图.png */,
				E68EA0B71D8BC99B009E5BFB /* RAC作用图.png */,
			);
			path = Resource;
			sourceTree = "<group>";
		};
		E68EA0B91D8BCD65009E5BFB /* MainBaseVC */ = {
			isa = PBXGroup;
			children = (
				E68EA0BA1D8BCD65009E5BFB /* MainTabbar.h */,
				E68EA0BB1D8BCD65009E5BFB /* MainTabbar.m */,
				E68EA0BC1D8BCD65009E5BFB /* Nav_Base_VC.h */,
				E68EA0BD1D8BCD65009E5BFB /* Nav_Base_VC.m */,
				E68EA0BE1D8BCD65009E5BFB /* Parent_Class_VC.h */,
				E68EA0BF1D8BCD65009E5BFB /* Parent_Class_VC.m */,
			);
			path = MainBaseVC;
			sourceTree = "<group>";
		};
		E68EA0C41D8BCF09009E5BFB /* Functions_Four */ = {
			isa = PBXGroup;
			children = (
				E68EA0C51D8BCF1B009E5BFB /* RACClass_VC.h */,
				E68EA0C61D8BCF1B009E5BFB /* RACClass_VC.m */,
				E68EA0CB1D8BCF58009E5BFB /* RACUI_VC.h */,
				E68EA0CC1D8BCF58009E5BFB /* RACUI_VC.m */,
				E68EA0CE1D8BCFAD009E5BFB /* RACCommonFunction_VC.h */,
				E68EA0CF1D8BCFAD009E5BFB /* RACCommonFunction_VC.m */,
				E68EA0D11D8BCFD0009E5BFB /* RACCustomSignal_VC.h */,
				E68EA0D21D8BCFD0009E5BFB /* RACCustomSignal_VC.m */,
			);
			path = Functions_Four;
			sourceTree = "<group>";
		};
		E68EA0D41D8BD2DE009E5BFB /* Frameworks */ = {
			isa = PBXGroup;
			children = (
				E68EA0D51D8BD2DE009E5BFB /* UIKit.framework */,
				8F61D06002D5EFC76C113F44 /* Pods_RACTools.framework */,
			);
			name = Frameworks;
			sourceTree = "<group>";
		};
		E6A2AAE51D8D156700CEA4B7 /* RAC高聚合低耦合 */ = {
			isa = PBXGroup;
			children = (
				E6A2AAE61D8D156700CEA4B7 /* RAC_VC.h */,
				E6A2AAE71D8D156700CEA4B7 /* RAC_VC.m */,
				E6A2AAE81D8D156700CEA4B7 /* 具体用法 */,
			);
			path = "RAC高聚合低耦合";
			sourceTree = "<group>";
		};
		E6A2AAE81D8D156700CEA4B7 /* 具体用法 */ = {
			isa = PBXGroup;
			children = (
				E6A2AAE91D8D156700CEA4B7 /* Views */,
				E6A2AAEC1D8D156700CEA4B7 /* 单个函数VC */,
				E6A2AB091D8D156700CEA4B7 /* 宏命令VC */,
				E6A2AB0C1D8D156700CEA4B7 /* 简单测试VC */,
				E6A2AB0F1D8D156700CEA4B7 /* 自定义信号VC */,
				E6A2AB121D8D156700CEA4B7 /* 重要类VC */,
			);
			path = "具体用法";
			sourceTree = "<group>";
		};
		E6A2AAE91D8D156700CEA4B7 /* Views */ = {
			isa = PBXGroup;
			children = (
				E6A2AAEA1D8D156700CEA4B7 /* RACTestView.h */,
				E6A2AAEB1D8D156700CEA4B7 /* RACTestView.m */,
			);
			path = Views;
			sourceTree = "<group>";
		};
		E6A2AAEC1D8D156700CEA4B7 /* 单个函数VC */ = {
			isa = PBXGroup;
			children = (
				E6A2AAED1D8D156700CEA4B7 /* Combine_Functions_VC.h */,
				E6A2AAEE1D8D156700CEA4B7 /* Combine_Functions_VC.m */,
				E6A2AAEF1D8D156700CEA4B7 /* Concat_Functions_VC.h */,
				E6A2AAF01D8D156700CEA4B7 /* Concat_Functions_VC.m */,
				E6A2AAF11D8D156700CEA4B7 /* Filter_Functions_VC.h */,
				E6A2AAF21D8D156700CEA4B7 /* Filter_Functions_VC.m */,
				E6A2AAF31D8D156700CEA4B7 /* Map_Functions_VC.h */,
				E6A2AAF41D8D156700CEA4B7 /* Map_Functions_VC.m */,
				E6A2AAF51D8D156700CEA4B7 /* Merge_Functions_VC.h */,
				E6A2AAF61D8D156700CEA4B7 /* Merge_Functions_VC.m */,
				E6A2AAF71D8D156700CEA4B7 /* Replay_Functions_VC.h */,
				E6A2AAF81D8D156700CEA4B7 /* Replay_Functions_VC.m */,
				E6A2AAF91D8D156700CEA4B7 /* Retry_Functions_VC.h */,
				E6A2AAFA1D8D156700CEA4B7 /* Retry_Functions_VC.m */,
				E6A2AAFB1D8D156700CEA4B7 /* Start_Functions_VC.h */,
				E6A2AAFC1D8D156700CEA4B7 /* Start_Functions_VC.m */,
				E6A2AAFD1D8D156700CEA4B7 /* Take_Functions_VC.h */,
				E6A2AAFE1D8D156700CEA4B7 /* Take_Functions_VC.m */,
				E6A2AAFF1D8D156700CEA4B7 /* Then_Functions_VC.h */,
				E6A2AB001D8D156700CEA4B7 /* Then_Functions_VC.m */,
				E6A2AB011D8D156700CEA4B7 /* Throttle_Functions_VC.h */,
				E6A2AB021D8D156700CEA4B7 /* Throttle_Functions_VC.m */,
				E6A2AB031D8D156700CEA4B7 /* Time_Functions_VC.h */,
				E6A2AB041D8D156700CEA4B7 /* Time_Functions_VC.m */,
				E6A2AB051D8D156700CEA4B7 /* Try_Functions_VC.h */,
				E6A2AB061D8D156700CEA4B7 /* Try_Functions_VC.m */,
				E6A2AB071D8D156700CEA4B7 /* ZIP_Functions_VC.h */,
				E6A2AB081D8D156700CEA4B7 /* ZIP_Functions_VC.m */,
			);
			path = "单个函数VC";
			sourceTree = "<group>";
		};
		E6A2AB091D8D156700CEA4B7 /* 宏命令VC */ = {
			isa = PBXGroup;
			children = (
				E6A2AB0A1D8D156700CEA4B7 /* Macros_VC.h */,
				E6A2AB0B1D8D156700CEA4B7 /* Macros_VC.m */,
			);
			path = "宏命令VC";
			sourceTree = "<group>";
		};
		E6A2AB0C1D8D156700CEA4B7 /* 简单测试VC */ = {
			isa = PBXGroup;
			children = (
				E6A2AB0D1D8D156700CEA4B7 /* TestUIRAC_VC.h */,
				E6A2AB0E1D8D156700CEA4B7 /* TestUIRAC_VC.m */,
			);
			path = "简单测试VC";
			sourceTree = "<group>";
		};
		E6A2AB0F1D8D156700CEA4B7 /* 自定义信号VC */ = {
			isa = PBXGroup;
			children = (
				E6A2AB101D8D156700CEA4B7 /* CustomRAC_VC.h */,
				E6A2AB111D8D156700CEA4B7 /* CustomRAC_VC.m */,
			);
			path = "自定义信号VC";
			sourceTree = "<group>";
		};
		E6A2AB121D8D156700CEA4B7 /* 重要类VC */ = {
			isa = PBXGroup;
			children = (
				E6A2AB131D8D156700CEA4B7 /* ChannelTerminal_VC.h */,
				E6A2AB141D8D156700CEA4B7 /* ChannelTerminal_VC.m */,
				E6A2AB151D8D156700CEA4B7 /* Command_VC.h */,
				E6A2AB161D8D156700CEA4B7 /* Command_VC.m */,
				E6A2AB171D8D156700CEA4B7 /* Multicast_Class_VC.h */,
				E6A2AB181D8D156700CEA4B7 /* Multicast_Class_VC.m */,
				E6A2AB191D8D156700CEA4B7 /* Sequence_Class_VC.h */,
				E6A2AB1A1D8D156700CEA4B7 /* Sequence_Class_VC.m */,
				E6A2AB1B1D8D156700CEA4B7 /* Signal_Class_VC.h */,
				E6A2AB1C1D8D156700CEA4B7 /* Signal_Class_VC.m */,
			);
			path = "重要类VC";
			sourceTree = "<group>";
		};
		E6F4592E1DA3DCB6004B932D /* 主要的类 */ = {
			isa = PBXGroup;
			children = (
				E6F4592F1DA3DD4F004B932D /* RACSignal_VC.h */,
				E6F459301DA3DD4F004B932D /* RACSignal_VC.m */,
			);
			path = "主要的类";
			sourceTree = "<group>";
		};
/* End PBXGroup section */

/* Begin PBXNativeTarget section */
		E68EA0991D8BC54C009E5BFB /* RACTools */ = {
			isa = PBXNativeTarget;
			buildConfigurationList = E68EA0B11D8BC54D009E5BFB /* Build configuration list for PBXNativeTarget "RACTools" */;
			buildPhases = (
				2CF0B3AC84800EFC410F6D7A /* 📦 Check Pods Manifest.lock */,
				E68EA0961D8BC54C009E5BFB /* Sources */,
				E68EA0971D8BC54C009E5BFB /* Frameworks */,
				E68EA0981D8BC54C009E5BFB /* Resources */,
				05384FB419AF2B4FF2E8921E /* 📦 Embed Pods Frameworks */,
				6971AABB1242C6AD5B5C0705 /* 📦 Copy Pods Resources */,
			);
			buildRules = (
			);
			dependencies = (
			);
			name = RACTools;
			productName = RACTools;
			productReference = E68EA09A1D8BC54D009E5BFB /* RACTools.app */;
			productType = "com.apple.product-type.application";
		};
/* End PBXNativeTarget section */

/* Begin PBXProject section */
		E68EA0921D8BC54C009E5BFB /* Project object */ = {
			isa = PBXProject;
			attributes = {
				LastUpgradeCheck = 0800;
				ORGANIZATIONNAME = IceGod;
				TargetAttributes = {
					E68EA0991D8BC54C009E5BFB = {
						CreatedOnToolsVersion = 8.0;
						LastSwiftMigration = 0800;
						ProvisioningStyle = Automatic;
					};
				};
			};
			buildConfigurationList = E68EA0951D8BC54C009E5BFB /* Build configuration list for PBXProject "RACTools" */;
			compatibilityVersion = "Xcode 3.2";
			developmentRegion = English;
			hasScannedForEncodings = 0;
			knownRegions = (
				en,
				Base,
			);
			mainGroup = E68EA0911D8BC54C009E5BFB;
			productRefGroup = E68EA09B1D8BC54D009E5BFB /* Products */;
			projectDirPath = "";
			projectRoot = "";
			targets = (
				E68EA0991D8BC54C009E5BFB /* RACTools */,
			);
		};
/* End PBXProject section */

/* Begin PBXResourcesBuildPhase section */
		E68EA0981D8BC54C009E5BFB /* Resources */ = {
			isa = PBXResourcesBuildPhase;
			buildActionMask = 2147483647;
			files = (
				E68EA0B61D8BC983009E5BFB /* RAC主要类结构图.png in Resources */,
				E6A2AB3B1D8D157300CEA4B7 /* ReactiveCocoa-Objective-C.png in Resources */,
				E6A2AB3C1D8D157300CEA4B7 /* ReactiveCocoa1.png in Resources */,
				E6A2AB3D1D8D157300CEA4B7 /* ReactiveCocoaV4.x-Swift.png in Resources */,
				E68EA0B81D8BC99B009E5BFB /* RAC作用图.png in Resources */,
				E6A2AB3E1D8D157300CEA4B7 /* RXSwift.png in Resources */,
				E68EA0AA1D8BC54D009E5BFB /* Assets.xcassets in Resources */,
				E6A2AB3A1D8D157300CEA4B7 /* ColdHotSignal.png in Resources */,
			);
			runOnlyForDeploymentPostprocessing = 0;
		};
/* End PBXResourcesBuildPhase section */

/* Begin PBXShellScriptBuildPhase section */
		05384FB419AF2B4FF2E8921E /* 📦 Embed Pods Frameworks */ = {
			isa = PBXShellScriptBuildPhase;
			buildActionMask = 2147483647;
			files = (
			);
			inputPaths = (
			);
			name = "📦 Embed Pods Frameworks";
			outputPaths = (
			);
			runOnlyForDeploymentPostprocessing = 0;
			shellPath = /bin/sh;
			shellScript = "\"${SRCROOT}/Pods/Target Support Files/Pods-RACTools/Pods-RACTools-frameworks.sh\"\n";
			showEnvVarsInLog = 0;
		};
		2CF0B3AC84800EFC410F6D7A /* 📦 Check Pods Manifest.lock */ = {
			isa = PBXShellScriptBuildPhase;
			buildActionMask = 2147483647;
			files = (
			);
			inputPaths = (
			);
			name = "📦 Check Pods Manifest.lock";
			outputPaths = (
			);
			runOnlyForDeploymentPostprocessing = 0;
			shellPath = /bin/sh;
			shellScript = "diff \"${PODS_ROOT}/../Podfile.lock\" \"${PODS_ROOT}/Manifest.lock\" > /dev/null\nif [[ $? != 0 ]] ; then\n    cat << EOM\nerror: The sandbox is not in sync with the Podfile.lock. Run 'pod install' or update your CocoaPods installation.\nEOM\n    exit 1\nfi\n";
			showEnvVarsInLog = 0;
		};
		6971AABB1242C6AD5B5C0705 /* 📦 Copy Pods Resources */ = {
			isa = PBXShellScriptBuildPhase;
			buildActionMask = 2147483647;
			files = (
			);
			inputPaths = (
			);
			name = "📦 Copy Pods Resources";
			outputPaths = (
			);
			runOnlyForDeploymentPostprocessing = 0;
			shellPath = /bin/sh;
			shellScript = "\"${SRCROOT}/Pods/Target Support Files/Pods-RACTools/Pods-RACTools-resources.sh\"\n";
			showEnvVarsInLog = 0;
		};
/* End PBXShellScriptBuildPhase section */

/* Begin PBXSourcesBuildPhase section */
		E68EA0961D8BC54C009E5BFB /* Sources */ = {
			isa = PBXSourcesBuildPhase;
			buildActionMask = 2147483647;
			files = (
				E6A2AB291D8D156700CEA4B7 /* Throttle_Functions_VC.m in Sources */,
				E68EA0CD1D8BCF58009E5BFB /* RACUI_VC.m in Sources */,
				E6A2AB2A1D8D156700CEA4B7 /* Time_Functions_VC.m in Sources */,
				E68EA0D31D8BCFD0009E5BFB /* RACCustomSignal_VC.m in Sources */,
				E6A2AB241D8D156700CEA4B7 /* Replay_Functions_VC.m in Sources */,
				E6A2AB2D1D8D156700CEA4B7 /* Macros_VC.m in Sources */,
				E6A2AB2F1D8D156700CEA4B7 /* CustomRAC_VC.m in Sources */,
				E6F459311DA3DD4F004B932D /* RACSignal_VC.m in Sources */,
				E6A2AB341D8D156700CEA4B7 /* Signal_Class_VC.m in Sources */,
				E6A2AB2C1D8D156700CEA4B7 /* ZIP_Functions_VC.m in Sources */,
				E6A2AB1F1D8D156700CEA4B7 /* Combine_Functions_VC.m in Sources */,
				E6A2AB301D8D156700CEA4B7 /* ChannelTerminal_VC.m in Sources */,
				E68EA0A21D8BC54D009E5BFB /* AppDelegate.m in Sources */,
				E6A2AB251D8D156700CEA4B7 /* Retry_Functions_VC.m in Sources */,
				E6A2AB311D8D156700CEA4B7 /* Command_VC.m in Sources */,
				E6A2AB1D1D8D156700CEA4B7 /* RAC_VC.m in Sources */,
				E68EA09F1D8BC54D009E5BFB /* main.m in Sources */,
				E6A2AB281D8D156700CEA4B7 /* Then_Functions_VC.m in Sources */,
				E6A2AB201D8D156700CEA4B7 /* Concat_Functions_VC.m in Sources */,
				E68EA0C71D8BCF1B009E5BFB /* RACClass_VC.m in Sources */,
				E6A2AB211D8D156700CEA4B7 /* Filter_Functions_VC.m in Sources */,
				E6A2AB2E1D8D156700CEA4B7 /* TestUIRAC_VC.m in Sources */,
				E6A2AB331D8D156700CEA4B7 /* Sequence_Class_VC.m in Sources */,
				E68EA0C01D8BCD65009E5BFB /* MainTabbar.m in Sources */,
				E68EA0C21D8BCD65009E5BFB /* Parent_Class_VC.m in Sources */,
				E6A2AB1E1D8D156700CEA4B7 /* RACTestView.m in Sources */,
				E68EA0D01D8BCFAD009E5BFB /* RACCommonFunction_VC.m in Sources */,
				E6A2AB271D8D156700CEA4B7 /* Take_Functions_VC.m in Sources */,
				E6A2AB221D8D156700CEA4B7 /* Map_Functions_VC.m in Sources */,
				E6A2AB2B1D8D156700CEA4B7 /* Try_Functions_VC.m in Sources */,
				E68EA0C11D8BCD65009E5BFB /* Nav_Base_VC.m in Sources */,
				E6A2AB261D8D156700CEA4B7 /* Start_Functions_VC.m in Sources */,
				E6A2AB321D8D156700CEA4B7 /* Multicast_Class_VC.m in Sources */,
				E6A2AB231D8D156700CEA4B7 /* Merge_Functions_VC.m in Sources */,
			);
			runOnlyForDeploymentPostprocessing = 0;
		};
/* End PBXSourcesBuildPhase section */

/* Begin XCBuildConfiguration section */
		E68EA0AF1D8BC54D009E5BFB /* Debug */ = {
			isa = XCBuildConfiguration;
			buildSettings = {
				ALWAYS_SEARCH_USER_PATHS = NO;
				CLANG_ANALYZER_NONNULL = YES;
				CLANG_CXX_LANGUAGE_STANDARD = "gnu++0x";
				CLANG_CXX_LIBRARY = "libc++";
				CLANG_ENABLE_MODULES = YES;
				CLANG_ENABLE_OBJC_ARC = YES;
				CLANG_WARN_BOOL_CONVERSION = YES;
				CLANG_WARN_CONSTANT_CONVERSION = YES;
				CLANG_WARN_DIRECT_OBJC_ISA_USAGE = YES_ERROR;
				CLANG_WARN_DOCUMENTATION_COMMENTS = YES;
				CLANG_WARN_EMPTY_BODY = YES;
				CLANG_WARN_ENUM_CONVERSION = YES;
				CLANG_WARN_INFINITE_RECURSION = YES;
				CLANG_WARN_INT_CONVERSION = YES;
				CLANG_WARN_OBJC_ROOT_CLASS = YES_ERROR;
				CLANG_WARN_SUSPICIOUS_MOVES = YES;
				CLANG_WARN_UNREACHABLE_CODE = YES;
				CLANG_WARN__DUPLICATE_METHOD_MATCH = YES;
				"CODE_SIGN_IDENTITY[sdk=iphoneos*]" = "iPhone Developer";
				COPY_PHASE_STRIP = NO;
				DEBUG_INFORMATION_FORMAT = dwarf;
				ENABLE_STRICT_OBJC_MSGSEND = YES;
				ENABLE_TESTABILITY = YES;
				GCC_C_LANGUAGE_STANDARD = gnu99;
				GCC_DYNAMIC_NO_PIC = NO;
				GCC_NO_COMMON_BLOCKS = YES;
				GCC_OPTIMIZATION_LEVEL = 0;
				GCC_PREPROCESSOR_DEFINITIONS = (
					"DEBUG=1",
					"$(inherited)",
				);
				GCC_WARN_64_TO_32_BIT_CONVERSION = YES;
				GCC_WARN_ABOUT_RETURN_TYPE = YES_ERROR;
				GCC_WARN_UNDECLARED_SELECTOR = YES;
				GCC_WARN_UNINITIALIZED_AUTOS = YES_AGGRESSIVE;
				GCC_WARN_UNUSED_FUNCTION = YES;
				GCC_WARN_UNUSED_VARIABLE = YES;
				IPHONEOS_DEPLOYMENT_TARGET = 8.0;
				MTL_ENABLE_DEBUG_INFO = YES;
				ONLY_ACTIVE_ARCH = YES;
				SDKROOT = iphoneos;
				TARGETED_DEVICE_FAMILY = "1,2";
			};
			name = Debug;
		};
		E68EA0B01D8BC54D009E5BFB /* Release */ = {
			isa = XCBuildConfiguration;
			buildSettings = {
				ALWAYS_SEARCH_USER_PATHS = NO;
				CLANG_ANALYZER_NONNULL = YES;
				CLANG_CXX_LANGUAGE_STANDARD = "gnu++0x";
				CLANG_CXX_LIBRARY = "libc++";
				CLANG_ENABLE_MODULES = YES;
				CLANG_ENABLE_OBJC_ARC = YES;
				CLANG_WARN_BOOL_CONVERSION = YES;
				CLANG_WARN_CONSTANT_CONVERSION = YES;
				CLANG_WARN_DIRECT_OBJC_ISA_USAGE = YES_ERROR;
				CLANG_WARN_DOCUMENTATION_COMMENTS = YES;
				CLANG_WARN_EMPTY_BODY = YES;
				CLANG_WARN_ENUM_CONVERSION = YES;
				CLANG_WARN_INFINITE_RECURSION = YES;
				CLANG_WARN_INT_CONVERSION = YES;
				CLANG_WARN_OBJC_ROOT_CLASS = YES_ERROR;
				CLANG_WARN_SUSPICIOUS_MOVES = YES;
				CLANG_WARN_UNREACHABLE_CODE = YES;
				CLANG_WARN__DUPLICATE_METHOD_MATCH = YES;
				"CODE_SIGN_IDENTITY[sdk=iphoneos*]" = "iPhone Developer";
				COPY_PHASE_STRIP = NO;
				DEBUG_INFORMATION_FORMAT = "dwarf-with-dsym";
				ENABLE_NS_ASSERTIONS = NO;
				ENABLE_STRICT_OBJC_MSGSEND = YES;
				GCC_C_LANGUAGE_STANDARD = gnu99;
				GCC_NO_COMMON_BLOCKS = YES;
				GCC_WARN_64_TO_32_BIT_CONVERSION = YES;
				GCC_WARN_ABOUT_RETURN_TYPE = YES_ERROR;
				GCC_WARN_UNDECLARED_SELECTOR = YES;
				GCC_WARN_UNINITIALIZED_AUTOS = YES_AGGRESSIVE;
				GCC_WARN_UNUSED_FUNCTION = YES;
				GCC_WARN_UNUSED_VARIABLE = YES;
				IPHONEOS_DEPLOYMENT_TARGET = 8.0;
				MTL_ENABLE_DEBUG_INFO = NO;
				SDKROOT = iphoneos;
				TARGETED_DEVICE_FAMILY = "1,2";
				VALIDATE_PRODUCT = YES;
			};
			name = Release;
		};
		E68EA0B21D8BC54D009E5BFB /* Debug */ = {
			isa = XCBuildConfiguration;
			baseConfigurationReference = 22A5C90C0B8D7C3731D67FAC /* Pods-RACTools.debug.xcconfig */;
			buildSettings = {
				ASSETCATALOG_COMPILER_APPICON_NAME = AppIcon;
				ASSETCATALOG_COMPILER_LAUNCHIMAGE_NAME = LaunchImage;
				INFOPLIST_FILE = RACTools/Info.plist;
				IPHONEOS_DEPLOYMENT_TARGET = 8.0;
				LD_RUNPATH_SEARCH_PATHS = "$(inherited) @executable_path/Frameworks";
				PRODUCT_BUNDLE_IDENTIFIER = com.IceGod.RACTools;
				PRODUCT_NAME = "$(TARGET_NAME)";
				SWIFT_VERSION = 2.3;
				TARGETED_DEVICE_FAMILY = 1;
				USER_HEADER_SEARCH_PATHS = "${SRCROOT}/Pods/ReactiveCocoa/**";
			};
			name = Debug;
		};
		E68EA0B31D8BC54D009E5BFB /* Release */ = {
			isa = XCBuildConfiguration;
			baseConfigurationReference = 9261D63F28F7E72F251B2953 /* Pods-RACTools.release.xcconfig */;
			buildSettings = {
				ASSETCATALOG_COMPILER_APPICON_NAME = AppIcon;
				ASSETCATALOG_COMPILER_LAUNCHIMAGE_NAME = LaunchImage;
				INFOPLIST_FILE = RACTools/Info.plist;
				IPHONEOS_DEPLOYMENT_TARGET = 8.0;
				LD_RUNPATH_SEARCH_PATHS = "$(inherited) @executable_path/Frameworks";
				PRODUCT_BUNDLE_IDENTIFIER = com.IceGod.RACTools;
				PRODUCT_NAME = "$(TARGET_NAME)";
				SWIFT_VERSION = 2.3;
				TARGETED_DEVICE_FAMILY = 1;
				USER_HEADER_SEARCH_PATHS = "${SRCROOT}/Pods/ReactiveCocoa/**";
			};
			name = Release;
		};
/* End XCBuildConfiguration section */

/* Begin XCConfigurationList section */
		E68EA0951D8BC54C009E5BFB /* Build configuration list for PBXProject "RACTools" */ = {
			isa = XCConfigurationList;
			buildConfigurations = (
				E68EA0AF1D8BC54D009E5BFB /* Debug */,
				E68EA0B01D8BC54D009E5BFB /* Release */,
			);
			defaultConfigurationIsVisible = 0;
			defaultConfigurationName = Release;
		};
		E68EA0B11D8BC54D009E5BFB /* Build configuration list for PBXNativeTarget "RACTools" */ = {
			isa = XCConfigurationList;
			buildConfigurations = (
				E68EA0B21D8BC54D009E5BFB /* Debug */,
				E68EA0B31D8BC54D009E5BFB /* Release */,
			);
			defaultConfigurationIsVisible = 0;
			defaultConfigurationName = Release;
		};
/* End XCConfigurationList section */
	};
	rootObject = E68EA0921D8BC54C009E5BFB /* Project object */;
}
